
Microsoft Visual Studio Solution File, Format Version 12.00
# Visual Studio Version 16
VisualStudioVersion = 16.0.29230.47
MinimumVisualStudioVersion = 10.0.40219.1
Project("{FAE04EC0-301F-11D3-BF4B-00C04F79EFBC}") = "Klubi_I_Futbollit", "Klubi_I_Futbollit\Klubi_I_Futbollit.csproj", "{17297882-3C3A-4C6C-A09C-CEBF23B7394B}"
EndProject
Project("{FAE04EC0-301F-11D3-BF4B-00C04F79EFBC}") = "Klubi_I_Futbollit.DAL", "Klubi_\Klubi_I_Futbollit.DAL.csproj", "{E6E3646F-85D8-4180-AC4E-69658786B6BC}"
EndProject
Project("{FAE04EC0-301F-11D3-BF4B-00C04F79EFBC}") = "Klubi_I_Futbollit.BO", "Klubi_I_Futbollit.BO\Klubi_I_Futbollit.BO.csproj", "{1EDAE868-FAD5-4A98-B584-4C88CC88EFD1}"
EndProject
Project("{FAE04EC0-301F-11D3-BF4B-00C04F79EFBC}") = "Klubi_I_Futbollit.BLL", "Klubi_I_Futbollit.BLL\Klubi_I_Futbollit.BLL.csproj", "{04339963-C21E-49C4-B546-E2FD43D76539}"
EndProject
Global
	GlobalSection(SolutionConfigurationPlatforms) = preSolution
		Debug|Any CPU = Debug|Any CPU
		Release|Any CPU = Release|Any CPU
	EndGlobalSection
	GlobalSection(ProjectConfigurationPlatforms) = postSolution
		{17297882-3C3A-4C6C-A09C-CEBF23B7394B}.Debug|Any CPU.ActiveCfg = Debug|Any CPU
		{17297882-3C3A-4C6C-A09C-CEBF23B7394B}.Debug|Any CPU.Build.0 = Debug|Any CPU
		{17297882-3C3A-4C6C-A09C-CEBF23B7394B}.Release|Any CPU.ActiveCfg = Release|Any CPU
		{17297882-3C3A-4C6C-A09C-CEBF23B7394B}.Release|Any CPU.Build.0 = Release|Any CPU
		{E6E3646F-85D8-4180-AC4E-69658786B6BC}.Debug|Any CPU.ActiveCfg = Debug|Any CPU
		{E6E3646F-85D8-4180-AC4E-69658786B6BC}.Debug|Any CPU.Build.0 = Debug|Any CPU
		{E6E3646F-85D8-4180-AC4E-69658786B6BC}.Release|Any CPU.ActiveCfg = Release|Any CPU
		{E6E3646F-85D8-4180-AC4E-69658786B6BC}.Release|Any CPU.Build.0 = Release|Any CPU
		{1EDAE868-FAD5-4A98-B584-4C88CC88EFD1}.Debug|Any CPU.ActiveCfg = Debug|Any CPU
		{1EDAE868-FAD5-4A98-B584-4C88CC88EFD1}.Debug|Any CPU.Build.0 = Debug|Any CPU
		{1EDAE868-FAD5-4A98-B584-4C88CC88EFD1}.Release|Any CPU.ActiveCfg = Release|Any CPU
		{1EDAE868-FAD5-4A98-B584-4C88CC88EFD1}.Release|Any CPU.Build.0 = Release|Any CPU
		{04339963-C21E-49C4-B546-E2FD43D76539}.Debug|Any CPU.ActiveCfg = Debug|Any CPU
		{04339963-C21E-49C4-B546-E2FD43D76539}.Debug|Any CPU.Build.0 = Debug|Any CPU
		{04339963-C21E-49C4-B546-E2FD43D76539}.Release|Any CPU.ActiveCfg = Release|Any CPU
		{04339963-C21E-49C4-B546-E2FD43D76539}.Release|Any CPU.Build.0 = Release|Any CPU
	EndGlobalSection
	GlobalSection(SolutionProperties) = preSolution
		HideSolutionNode = FALSE
	EndGlobalSection
	GlobalSection(ExtensibilityGlobals) = postSolution
		SolutionGuid = {8DAB1D0C-33E2-4D4C-80F6-3863B477927F}
	EndGlobalSection
EndGlobal
